{
  "name": "app",
  "lockfileVersion": 3,
  "requires": true,
  "packages": {
    "": {
      "name": "app",
      "dependencies": {
        "@afsalthaj/golem-ts-sdk": "0.0.1-dev.1"
      }
    },
    "node_modules/@afsalthaj/golem-ts-sdk": {
      "version": "0.0.1-dev.1",
      "resolved": "https://registry.npmjs.org/@afsalthaj/golem-ts-sdk/-/golem-ts-sdk-0.0.1-dev.1.tgz",
      "integrity": "sha512-xdv66QAo+QZGj6lE2SzdIHH0rtAxLH+8oT/LgJdkr2hr/NbmwU15fRyUwD6myV03K2LSyOMLiyR20hZJ1t3riw==",
      "license": "ISC"
    }
  }
}
